// !$*UTF8*$!
{
	archiveVersion = 1;
	classes = {
	};
	objectVersion = 50;
	objects = {

/* Begin PBXBuildFile section */
		3BFB8BD22209FD85005A3CE5 /* AppDelegate.swift in Sources */ = {isa = PBXBuildFile; fileRef = 3BFB8BD12209FD85005A3CE5 /* AppDelegate.swift */; };
		3BFB8BD72209FD85005A3CE5 /* ACTouchBar.xcdatamodeld in Sources */ = {isa = PBXBuildFile; fileRef = 3BFB8BD52209FD85005A3CE5 /* ACTouchBar.xcdatamodeld */; };
		3BFB8BD92209FD86005A3CE5 /* Assets.xcassets in Resources */ = {isa = PBXBuildFile; fileRef = 3BFB8BD82209FD86005A3CE5 /* Assets.xcassets */; };
		3BFB8BDC2209FD86005A3CE5 /* Main.storyboard in Resources */ = {isa = PBXBuildFile; fileRef = 3BFB8BDA2209FD86005A3CE5 /* Main.storyboard */; };
		3BFB8BE52209FDC3005A3CE5 /* TouchBarController.swift in Sources */ = {isa = PBXBuildFile; fileRef = 3BFB8BE42209FDC3005A3CE5 /* TouchBarController.swift */; };
		3BFB8BE72209FDFB005A3CE5 /* DatabaseController.swift in Sources */ = {isa = PBXBuildFile; fileRef = 3BFB8BE62209FDFB005A3CE5 /* DatabaseController.swift */; };
		3BFB8BEA2209FE25005A3CE5 /* TouchBarPrivateApi.h in Sources */ = {isa = PBXBuildFile; fileRef = 3BFB8BE92209FE25005A3CE5 /* TouchBarPrivateApi.h */; };
		3BFB8BEF2209FECE005A3CE5 /* DFRFoundation.framework in Frameworks */ = {isa = PBXBuildFile; fileRef = 3BFB8BEE2209FECE005A3CE5 /* DFRFoundation.framework */; };
		D81256B8220A6E1400AE39DA /* results.json in Resources */ = {isa = PBXBuildFile; fileRef = D81256B7220A6E1400AE39DA /* results.json */; };
		D81256BA220A7E4D00AE39DA /* SubmissonsBarController.swift in Sources */ = {isa = PBXBuildFile; fileRef = D81256B9220A7E4D00AE39DA /* SubmissonsBarController.swift */; };
		D81256BC220A88FF00AE39DA /* PrivateApiHelperFunc.swift in Sources */ = {isa = PBXBuildFile; fileRef = D81256BB220A88FF00AE39DA /* PrivateApiHelperFunc.swift */; };
		D8CE3C37220AB4CD00070E85 /* user_info.json in Resources */ = {isa = PBXBuildFile; fileRef = D8CE3C36220AB4CD00070E85 /* user_info.json */; };
		D8CE3C39220AD11700070E85 /* UserStatusBarController.swift in Sources */ = {isa = PBXBuildFile; fileRef = D8CE3C38220AD11700070E85 /* UserStatusBarController.swift */; };
/* End PBXBuildFile section */

/* Begin PBXFileReference section */
		3BFB8BCE2209FD85005A3CE5 /* ACTouchBar.app */ = {isa = PBXFileReference; explicitFileType = wrapper.application; includeInIndex = 0; path = ACTouchBar.app; sourceTree = BUILT_PRODUCTS_DIR; };
		3BFB8BD12209FD85005A3CE5 /* AppDelegate.swift */ = {isa = PBXFileReference; lastKnownFileType = sourcecode.swift; path = AppDelegate.swift; sourceTree = "<group>"; };
		3BFB8BD62209FD85005A3CE5 /* ACTouchBar.xcdatamodel */ = {isa = PBXFileReference; lastKnownFileType = wrapper.xcdatamodel; path = ACTouchBar.xcdatamodel; sourceTree = "<group>"; };
		3BFB8BD82209FD86005A3CE5 /* Assets.xcassets */ = {isa = PBXFileReference; lastKnownFileType = folder.assetcatalog; path = Assets.xcassets; sourceTree = "<group>"; };
		3BFB8BDB2209FD86005A3CE5 /* Base */ = {isa = PBXFileReference; lastKnownFileType = file.storyboard; name = Base; path = Base.lproj/Main.storyboard; sourceTree = "<group>"; };
		3BFB8BDD2209FD86005A3CE5 /* Info.plist */ = {isa = PBXFileReference; lastKnownFileType = text.plist.xml; path = Info.plist; sourceTree = "<group>"; };
		3BFB8BDE2209FD86005A3CE5 /* ACTouchBar.entitlements */ = {isa = PBXFileReference; lastKnownFileType = text.plist.entitlements; path = ACTouchBar.entitlements; sourceTree = "<group>"; };
		3BFB8BE42209FDC3005A3CE5 /* TouchBarController.swift */ = {isa = PBXFileReference; lastKnownFileType = sourcecode.swift; path = TouchBarController.swift; sourceTree = "<group>"; };
		3BFB8BE62209FDFB005A3CE5 /* DatabaseController.swift */ = {isa = PBXFileReference; lastKnownFileType = sourcecode.swift; path = DatabaseController.swift; sourceTree = "<group>"; };
		3BFB8BE82209FE24005A3CE5 /* ACTouchBar-Bridging-Header.h */ = {isa = PBXFileReference; lastKnownFileType = sourcecode.c.h; path = "ACTouchBar-Bridging-Header.h"; sourceTree = "<group>"; };
		3BFB8BE92209FE25005A3CE5 /* TouchBarPrivateApi.h */ = {isa = PBXFileReference; lastKnownFileType = sourcecode.c.h; path = TouchBarPrivateApi.h; sourceTree = "<group>"; };
		3BFB8BEE2209FECE005A3CE5 /* DFRFoundation.framework */ = {isa = PBXFileReference; lastKnownFileType = wrapper.framework; name = DFRFoundation.framework; path = ../../../../../System/Library/PrivateFrameworks/DFRFoundation.framework; sourceTree = "<group>"; };
		D81256B7220A6E1400AE39DA /* results.json */ = {isa = PBXFileReference; fileEncoding = 4; lastKnownFileType = text.json; path = results.json; sourceTree = "<group>"; };
		D81256B9220A7E4D00AE39DA /* SubmissonsBarController.swift */ = {isa = PBXFileReference; lastKnownFileType = sourcecode.swift; path = SubmissonsBarController.swift; sourceTree = "<group>"; };
		D81256BB220A88FF00AE39DA /* PrivateApiHelperFunc.swift */ = {isa = PBXFileReference; lastKnownFileType = sourcecode.swift; path = PrivateApiHelperFunc.swift; sourceTree = "<group>"; };
		D8CE3C36220AB4CD00070E85 /* user_info.json */ = {isa = PBXFileReference; fileEncoding = 4; lastKnownFileType = text.json; path = user_info.json; sourceTree = "<group>"; };
		D8CE3C38220AD11700070E85 /* UserStatusBarController.swift */ = {isa = PBXFileReference; lastKnownFileType = sourcecode.swift; path = UserStatusBarController.swift; sourceTree = "<group>"; };
/* End PBXFileReference section */

/* Begin PBXFrameworksBuildPhase section */
		3BFB8BCB2209FD85005A3CE5 /* Frameworks */ = {
			isa = PBXFrameworksBuildPhase;
			buildActionMask = 2147483647;
			files = (
				3BFB8BEF2209FECE005A3CE5 /* DFRFoundation.framework in Frameworks */,
			);
			runOnlyForDeploymentPostprocessing = 0;
		};
/* End PBXFrameworksBuildPhase section */

/* Begin PBXGroup section */
		3BFB8BC52209FD85005A3CE5 = {
			isa = PBXGroup;
			children = (
				3BFB8BD02209FD85005A3CE5 /* ACTouchBar */,
				3BFB8BCF2209FD85005A3CE5 /* Products */,
				3BFB8BED2209FECE005A3CE5 /* Frameworks */,
			);
			sourceTree = "<group>";
		};
		3BFB8BCF2209FD85005A3CE5 /* Products */ = {
			isa = PBXGroup;
			children = (
				3BFB8BCE2209FD85005A3CE5 /* ACTouchBar.app */,
			);
			name = Products;
			sourceTree = "<group>";
		};
		3BFB8BD02209FD85005A3CE5 /* ACTouchBar */ = {
			isa = PBXGroup;
			children = (
				3BFB8BD12209FD85005A3CE5 /* AppDelegate.swift */,
				3BFB8BE42209FDC3005A3CE5 /* TouchBarController.swift */,
				3BFB8BE62209FDFB005A3CE5 /* DatabaseController.swift */,
				3BFB8BE92209FE25005A3CE5 /* TouchBarPrivateApi.h */,
				D81256B9220A7E4D00AE39DA /* SubmissonsBarController.swift */,
				D8CE3C38220AD11700070E85 /* UserStatusBarController.swift */,
				D81256BB220A88FF00AE39DA /* PrivateApiHelperFunc.swift */,
				D8CE3C36220AB4CD00070E85 /* user_info.json */,
				D81256B7220A6E1400AE39DA /* results.json */,
				3BFB8BD82209FD86005A3CE5 /* Assets.xcassets */,
				3BFB8BDA2209FD86005A3CE5 /* Main.storyboard */,
				3BFB8BDD2209FD86005A3CE5 /* Info.plist */,
				3BFB8BDE2209FD86005A3CE5 /* ACTouchBar.entitlements */,
				3BFB8BD52209FD85005A3CE5 /* ACTouchBar.xcdatamodeld */,
				3BFB8BE82209FE24005A3CE5 /* ACTouchBar-Bridging-Header.h */,
			);
			path = ACTouchBar;
			sourceTree = "<group>";
		};
		3BFB8BED2209FECE005A3CE5 /* Frameworks */ = {
			isa = PBXGroup;
			children = (
				3BFB8BEE2209FECE005A3CE5 /* DFRFoundation.framework */,
			);
			name = Frameworks;
			sourceTree = "<group>";
		};
/* End PBXGroup section */

/* Begin PBXNativeTarget section */
		3BFB8BCD2209FD85005A3CE5 /* ACTouchBar */ = {
			isa = PBXNativeTarget;
			buildConfigurationList = 3BFB8BE12209FD86005A3CE5 /* Build configuration list for PBXNativeTarget "ACTouchBar" */;
			buildPhases = (
				3BFB8BCA2209FD85005A3CE5 /* Sources */,
				3BFB8BCB2209FD85005A3CE5 /* Frameworks */,
				3BFB8BCC2209FD85005A3CE5 /* Resources */,
			);
			buildRules = (
			);
			dependencies = (
			);
			name = ACTouchBar;
			productName = ACTouchBar;
			productReference = 3BFB8BCE2209FD85005A3CE5 /* ACTouchBar.app */;
			productType = "com.apple.product-type.application";
		};
/* End PBXNativeTarget section */

/* Begin PBXProject section */
		3BFB8BC62209FD85005A3CE5 /* Project object */ = {
			isa = PBXProject;
			attributes = {
				LastSwiftUpdateCheck = 1010;
				LastUpgradeCheck = 1010;
				ORGANIZATIONNAME = "Yuhel Tanaka";
				TargetAttributes = {
					3BFB8BCD2209FD85005A3CE5 = {
						CreatedOnToolsVersion = 10.1;
						LastSwiftMigration = 1010;
						SystemCapabilities = {
							com.apple.ApplicationGroups.Mac = {
								enabled = 0;
							};
						};
					};
				};
			};
			buildConfigurationList = 3BFB8BC92209FD85005A3CE5 /* Build configuration list for PBXProject "ACTouchBar" */;
			compatibilityVersion = "Xcode 9.3";
			developmentRegion = en;
			hasScannedForEncodings = 0;
			knownRegions = (
				en,
				Base,
			);
			mainGroup = 3BFB8BC52209FD85005A3CE5;
			productRefGroup = 3BFB8BCF2209FD85005A3CE5 /* Products */;
			projectDirPath = "";
			projectRoot = "";
			targets = (
				3BFB8BCD2209FD85005A3CE5 /* ACTouchBar */,
			);
		};
/* End PBXProject section */

/* Begin PBXResourcesBuildPhase section */
		3BFB8BCC2209FD85005A3CE5 /* Resources */ = {
			isa = PBXResourcesBuildPhase;
			buildActionMask = 2147483647;
			files = (
				D8CE3C37220AB4CD00070E85 /* user_info.json in Resources */,
				3BFB8BD92209FD86005A3CE5 /* Assets.xcassets in Resources */,
				3BFB8BDC2209FD86005A3CE5 /* Main.storyboard in Resources */,
				D81256B8220A6E1400AE39DA /* results.json in Resources */,
			);
			runOnlyForDeploymentPostprocessing = 0;
		};
/* End PBXResourcesBuildPhase section */

/* Begin PBXSourcesBuildPhase section */
		3BFB8BCA2209FD85005A3CE5 /* Sources */ = {
			isa = PBXSourcesBuildPhase;
			buildActionMask = 2147483647;
			files = (
				3BFB8BEA2209FE25005A3CE5 /* TouchBarPrivateApi.h in Sources */,
				3BFB8BE72209FDFB005A3CE5 /* DatabaseController.swift in Sources */,
				3BFB8BD72209FD85005A3CE5 /* ACTouchBar.xcdatamodeld in Sources */,
				3BFB8BD22209FD85005A3CE5 /* AppDelegate.swift in Sources */,
				3BFB8BE52209FDC3005A3CE5 /* TouchBarController.swift in Sources */,
				D81256BC220A88FF00AE39DA /* PrivateApiHelperFunc.swift in Sources */,
				D81256BA220A7E4D00AE39DA /* SubmissonsBarController.swift in Sources */,
				D8CE3C39220AD11700070E85 /* UserStatusBarController.swift in Sources */,
			);
			runOnlyForDeploymentPostprocessing = 0;
		};
/* End PBXSourcesBuildPhase section */

/* Begin PBXVariantGroup section */
		3BFB8BDA2209FD86005A3CE5 /* Main.storyboard */ = {
			isa = PBXVariantGroup;
			children = (
				3BFB8BDB2209FD86005A3CE5 /* Base */,
			);
			name = Main.storyboard;
			sourceTree = "<group>";
		};
/* End PBXVariantGroup section */

/* Begin XCBuildConfiguration section */
		3BFB8BDF2209FD86005A3CE5 /* Debug */ = {
			isa = XCBuildConfiguration;
			buildSettings = {
				ALWAYS_SEARCH_USER_PATHS = NO;
				CLANG_ANALYZER_NONNULL = YES;
				CLANG_ANALYZER_NUMBER_OBJECT_CONVERSION = YES_AGGRESSIVE;
				CLANG_CXX_LANGUAGE_STANDARD = "gnu++14";
				CLANG_CXX_LIBRARY = "libc++";
				CLANG_ENABLE_MODULES = YES;
				CLANG_ENABLE_OBJC_ARC = YES;
				CLANG_ENABLE_OBJC_WEAK = YES;
				CLANG_WARN_BLOCK_CAPTURE_AUTORELEASING = YES;
				CLANG_WARN_BOOL_CONVERSION = YES;
				CLANG_WARN_COMMA = YES;
				CLANG_WARN_CONSTANT_CONVERSION = YES;
				CLANG_WARN_DEPRECATED_OBJC_IMPLEMENTATIONS = YES;
				CLANG_WARN_DIRECT_OBJC_ISA_USAGE = YES_ERROR;
				CLANG_WARN_DOCUMENTATION_COMMENTS = YES;
				CLANG_WARN_EMPTY_BODY = YES;
				CLANG_WARN_ENUM_CONVERSION = YES;
				CLANG_WARN_INFINITE_RECURSION = YES;
				CLANG_WARN_INT_CONVERSION = YES;
				CLANG_WARN_NON_LITERAL_NULL_CONVERSION = YES;
				CLANG_WARN_OBJC_IMPLICIT_RETAIN_SELF = YES;
				CLANG_WARN_OBJC_LITERAL_CONVERSION = YES;
				CLANG_WARN_OBJC_ROOT_CLASS = YES_ERROR;
				CLANG_WARN_RANGE_LOOP_ANALYSIS = YES;
				CLANG_WARN_STRICT_PROTOTYPES = YES;
				CLANG_WARN_SUSPICIOUS_MOVE = YES;
				CLANG_WARN_UNGUARDED_AVAILABILITY = YES_AGGRESSIVE;
				CLANG_WARN_UNREACHABLE_CODE = YES;
				CLANG_WARN__DUPLICATE_METHOD_MATCH = YES;
				CODE_SIGN_IDENTITY = "Mac Developer";
				COPY_PHASE_STRIP = NO;
				DEBUG_INFORMATION_FORMAT = dwarf;
				ENABLE_STRICT_OBJC_MSGSEND = YES;
				ENABLE_TESTABILITY = YES;
				GCC_C_LANGUAGE_STANDARD = gnu11;
				GCC_DYNAMIC_NO_PIC = NO;
				GCC_NO_COMMON_BLOCKS = YES;
				GCC_OPTIMIZATION_LEVEL = 0;
				GCC_PREPROCESSOR_DEFINITIONS = (
					"DEBUG=1",
					"$(inherited)",
				);
				GCC_WARN_64_TO_32_BIT_CONVERSION = YES;
				GCC_WARN_ABOUT_RETURN_TYPE = YES_ERROR;
				GCC_WARN_UNDECLARED_SELECTOR = YES;
				GCC_WARN_UNINITIALIZED_AUTOS = YES_AGGRESSIVE;
				GCC_WARN_UNUSED_FUNCTION = YES;
				GCC_WARN_UNUSED_VARIABLE = YES;
				MACOSX_DEPLOYMENT_TARGET = 10.13;
				MTL_ENABLE_DEBUG_INFO = INCLUDE_SOURCE;
				MTL_FAST_MATH = YES;
				ONLY_ACTIVE_ARCH = YES;
				SDKROOT = macosx;
				SWIFT_ACTIVE_COMPILATION_CONDITIONS = DEBUG;
				SWIFT_OPTIMIZATION_LEVEL = "-Onone";
			};
			name = Debug;
		};
		3BFB8BE02209FD86005A3CE5 /* Release */ = {
			isa = XCBuildConfiguration;
			buildSettings = {
				ALWAYS_SEARCH_USER_PATHS = NO;
				CLANG_ANALYZER_NONNULL = YES;
				CLANG_ANALYZER_NUMBER_OBJECT_CONVERSION = YES_AGGRESSIVE;
				CLANG_CXX_LANGUAGE_STANDARD = "gnu++14";
				CLANG_CXX_LIBRARY = "libc++";
				CLANG_ENABLE_MODULES = YES;
				CLANG_ENABLE_OBJC_ARC = YES;
				CLANG_ENABLE_OBJC_WEAK = YES;
				CLANG_WARN_BLOCK_CAPTURE_AUTORELEASING = YES;
				CLANG_WARN_BOOL_CONVERSION = YES;
				CLANG_WARN_COMMA = YES;
				CLANG_WARN_CONSTANT_CONVERSION = YES;
				CLANG_WARN_DEPRECATED_OBJC_IMPLEMENTATIONS = YES;
				CLANG_WARN_DIRECT_OBJC_ISA_USAGE = YES_ERROR;
				CLANG_WARN_DOCUMENTATION_COMMENTS = YES;
				CLANG_WARN_EMPTY_BODY = YES;
				CLANG_WARN_ENUM_CONVERSION = YES;
				CLANG_WARN_INFINITE_RECURSION = YES;
				CLANG_WARN_INT_CONVERSION = YES;
				CLANG_WARN_NON_LITERAL_NULL_CONVERSION = YES;
				CLANG_WARN_OBJC_IMPLICIT_RETAIN_SELF = YES;
				CLANG_WARN_OBJC_LITERAL_CONVERSION = YES;
				CLANG_WARN_OBJC_ROOT_CLASS = YES_ERROR;
				CLANG_WARN_RANGE_LOOP_ANALYSIS = YES;
				CLANG_WARN_STRICT_PROTOTYPES = YES;
				CLANG_WARN_SUSPICIOUS_MOVE = YES;
				CLANG_WARN_UNGUARDED_AVAILABILITY = YES_AGGRESSIVE;
				CLANG_WARN_UNREACHABLE_CODE = YES;
				CLANG_WARN__DUPLICATE_METHOD_MATCH = YES;
				CODE_SIGN_IDENTITY = "Mac Developer";
				COPY_PHASE_STRIP = NO;
				DEBUG_INFORMATION_FORMAT = "dwarf-with-dsym";
				ENABLE_NS_ASSERTIONS = NO;
				ENABLE_STRICT_OBJC_MSGSEND = YES;
				GCC_C_LANGUAGE_STANDARD = gnu11;
				GCC_NO_COMMON_BLOCKS = YES;
				GCC_WARN_64_TO_32_BIT_CONVERSION = YES;
				GCC_WARN_ABOUT_RETURN_TYPE = YES_ERROR;
				GCC_WARN_UNDECLARED_SELECTOR = YES;
				GCC_WARN_UNINITIALIZED_AUTOS = YES_AGGRESSIVE;
				GCC_WARN_UNUSED_FUNCTION = YES;
				GCC_WARN_UNUSED_VARIABLE = YES;
				MACOSX_DEPLOYMENT_TARGET = 10.13;
				MTL_ENABLE_DEBUG_INFO = NO;
				MTL_FAST_MATH = YES;
				SDKROOT = macosx;
				SWIFT_COMPILATION_MODE = wholemodule;
				SWIFT_OPTIMIZATION_LEVEL = "-O";
			};
			name = Release;
		};
		3BFB8BE22209FD86005A3CE5 /* Debug */ = {
			isa = XCBuildConfiguration;
			buildSettings = {
				ASSETCATALOG_COMPILER_APPICON_NAME = AppIcon;
				CLANG_ENABLE_MODULES = YES;
				CODE_SIGN_ENTITLEMENTS = ACTouchBar/ACTouchBar.entitlements;
				CODE_SIGN_STYLE = Automatic;
				COMBINE_HIDPI_IMAGES = YES;
				DEVELOPMENT_TEAM = QHW2DL5SSN;
				INFOPLIST_FILE = ACTouchBar/Info.plist;
				LD_RUNPATH_SEARCH_PATHS = (
					"$(inherited)",
					"@executable_path/../Frameworks",
				);
				MACOSX_DEPLOYMENT_TARGET = 10.13;
				PRODUCT_BUNDLE_IDENTIFIER = kuwa.ACTouchBar;
				PRODUCT_NAME = "$(TARGET_NAME)";
				SWIFT_OBJC_BRIDGING_HEADER = "ACTouchBar/ACTouchBar-Bridging-Header.h";
				SWIFT_OPTIMIZATION_LEVEL = "-Onone";
				SWIFT_VERSION = 4.2;
				SYSTEM_FRAMEWORK_SEARCH_PATHS = (
					"$(inherited)",
					"$(SYSTEM_LIBRARY_DIR)/PrivateFrameworks",
				);
			};
			name = Debug;
		};
		3BFB8BE32209FD86005A3CE5 /* Release */ = {
			isa = XCBuildConfiguration;
			buildSettings = {
				ASSETCATALOG_COMPILER_APPICON_NAME = AppIcon;
				CLANG_ENABLE_MODULES = YES;
				CODE_SIGN_ENTITLEMENTS = ACTouchBar/ACTouchBar.entitlements;
				CODE_SIGN_STYLE = Automatic;
				COMBINE_HIDPI_IMAGES = YES;
				DEVELOPMENT_TEAM = QHW2DL5SSN;
				INFOPLIST_FILE = ACTouchBar/Info.plist;
				LD_RUNPATH_SEARCH_PATHS = (
					"$(inherited)",
					"@executable_path/../Frameworks",
				);
				MACOSX_DEPLOYMENT_TARGET = 10.13;
				PRODUCT_BUNDLE_IDENTIFIER = kuwa.ACTouchBar;
				PRODUCT_NAME = "$(TARGET_NAME)";
				SWIFT_OBJC_BRIDGING_HEADER = "ACTouchBar/ACTouchBar-Bridging-Header.h";
				SWIFT_VERSION = 4.2;
				SYSTEM_FRAMEWORK_SEARCH_PATHS = (
					"$(inherited)",
					"$(SYSTEM_LIBRARY_DIR)/PrivateFrameworks",
				);
			};
			name = Release;
		};
/* End XCBuildConfiguration section */

/* Begin XCConfigurationList section */
		3BFB8BC92209FD85005A3CE5 /* Build configuration list for PBXProject "ACTouchBar" */ = {
			isa = XCConfigurationList;
			buildConfigurations = (
				3BFB8BDF2209FD86005A3CE5 /* Debug */,
				3BFB8BE02209FD86005A3CE5 /* Release */,
			);
			defaultConfigurationIsVisible = 0;
			defaultConfigurationName = Release;
		};
		3BFB8BE12209FD86005A3CE5 /* Build configuration list for PBXNativeTarget "ACTouchBar" */ = {
			isa = XCConfigurationList;
			buildConfigurations = (
				3BFB8BE22209FD86005A3CE5 /* Debug */,
				3BFB8BE32209FD86005A3CE5 /* Release */,
			);
			defaultConfigurationIsVisible = 0;
			defaultConfigurationName = Release;
		};
/* End XCConfigurationList section */

/* Begin XCVersionGroup section */
		3BFB8BD52209FD85005A3CE5 /* ACTouchBar.xcdatamodeld */ = {
			isa = XCVersionGroup;
			children = (
				3BFB8BD62209FD85005A3CE5 /* ACTouchBar.xcdatamodel */,
			);
			currentVersion = 3BFB8BD62209FD85005A3CE5 /* ACTouchBar.xcdatamodel */;
			path = ACTouchBar.xcdatamodeld;
			sourceTree = "<group>";
			versionGroupType = wrapper.xcdatamodel;
		};
/* End XCVersionGroup section */
	};
	rootObject = 3BFB8BC62209FD85005A3CE5 /* Project object */;
}
