// !$*UTF8*$!
{
	archiveVersion = 1;
	classes = {
	};
	objectVersion = 50;
	objects = {

/* Begin PBXBuildFile section */
		2B5A84D60BC69D36D69FC73E /* Pods_ACTouchBar.framework in Frameworks */ = {isa = PBXBuildFile; fileRef = C5BFDB5A7C2090A9D72FB31F /* Pods_ACTouchBar.framework */; };
		3B321AA22211BF60001188C3 /* ACTouchBar.xcdatamodeld in Sources */ = {isa = PBXBuildFile; fileRef = 3B321AA02211BF60001188C3 /* ACTouchBar.xcdatamodeld */; };
		3B321AA42211BF98001188C3 /* ACDatabaseController.swift in Sources */ = {isa = PBXBuildFile; fileRef = 3B321AA32211BF98001188C3 /* ACDatabaseController.swift */; };
		3B321AA62211BFAF001188C3 /* MainTouchBarController.swift in Sources */ = {isa = PBXBuildFile; fileRef = 3B321AA52211BFAF001188C3 /* MainTouchBarController.swift */; };
		3B321AA82211C041001188C3 /* ItemDownloader.swift in Sources */ = {isa = PBXBuildFile; fileRef = 3B321AA72211C041001188C3 /* ItemDownloader.swift */; };
		3B7E6EFD2215DD8B00D185FE /* SettingsViewController.swift in Sources */ = {isa = PBXBuildFile; fileRef = 3B7E6EFC2215DD8B00D185FE /* SettingsViewController.swift */; };
		3B7E6EFF221739F100D185FE /* AtCoderDataStructs.swift in Sources */ = {isa = PBXBuildFile; fileRef = 3B7E6EFE221739F100D185FE /* AtCoderDataStructs.swift */; };
		3B7E6F092219E55B00D185FE /* ContestDetailBarController.swift in Sources */ = {isa = PBXBuildFile; fileRef = 3B7E6F082219E55B00D185FE /* ContestDetailBarController.swift */; };
		3B9893C6221485A800570C0F /* SubmissionDetailsBarController.swift in Sources */ = {isa = PBXBuildFile; fileRef = 3B9893C5221485A800570C0F /* SubmissionDetailsBarController.swift */; };
		3BC28F39221ADEEC007BC3FB /* Assets.xcassets in Resources */ = {isa = PBXBuildFile; fileRef = 3BC28F38221ADEEC007BC3FB /* Assets.xcassets */; };
		3BC28F59221C4F31007BC3FB /* StartTouchBarController.swift in Sources */ = {isa = PBXBuildFile; fileRef = 3BC28F58221C4F31007BC3FB /* StartTouchBarController.swift */; };
		3BFB8BD22209FD85005A3CE5 /* AppDelegate.swift in Sources */ = {isa = PBXBuildFile; fileRef = 3BFB8BD12209FD85005A3CE5 /* AppDelegate.swift */; };
		3BFB8BDC2209FD86005A3CE5 /* Main.storyboard in Resources */ = {isa = PBXBuildFile; fileRef = 3BFB8BDA2209FD86005A3CE5 /* Main.storyboard */; };
		3BFB8BEA2209FE25005A3CE5 /* TouchBarPrivateApi.h in Sources */ = {isa = PBXBuildFile; fileRef = 3BFB8BE92209FE25005A3CE5 /* TouchBarPrivateApi.h */; };
		3BFB8BEF2209FECE005A3CE5 /* DFRFoundation.framework in Frameworks */ = {isa = PBXBuildFile; fileRef = 3BFB8BEE2209FECE005A3CE5 /* DFRFoundation.framework */; };
		3BFB8BF3220C7D1C005A3CE5 /* PageParser.swift in Sources */ = {isa = PBXBuildFile; fileRef = 3BFB8BF2220C7D1C005A3CE5 /* PageParser.swift */; };
		D81256BC220A88FF00AE39DA /* PrivateApiHelperFunction.swift in Sources */ = {isa = PBXBuildFile; fileRef = D81256BB220A88FF00AE39DA /* PrivateApiHelperFunction.swift */; };
		D84DB84C2212BA8600AD2624 /* SettingsWindowController.swift in Sources */ = {isa = PBXBuildFile; fileRef = D84DB84B2212BA8600AD2624 /* SettingsWindowController.swift */; };
		D856595C2216A12700588F60 /* ContestListBarController.swift in Sources */ = {isa = PBXBuildFile; fileRef = D856595B2216A12700588F60 /* ContestListBarController.swift */; };
		D868D9382213FA20008334C0 /* MemoBarController.swift in Sources */ = {isa = PBXBuildFile; fileRef = D868D9372213FA20008334C0 /* MemoBarController.swift */; };
		D8CE3C39220AD11700070E85 /* SubmissionStatusBarItemController.swift in Sources */ = {isa = PBXBuildFile; fileRef = D8CE3C38220AD11700070E85 /* SubmissionStatusBarItemController.swift */; };
		D8CE3C3B220BC25C00070E85 /* BarHelperFunction.swift in Sources */ = {isa = PBXBuildFile; fileRef = D8CE3C3A220BC25C00070E85 /* BarHelperFunction.swift */; };
		D8CE3C3F220BF3FA00070E85 /* StructsDefinition.swift in Sources */ = {isa = PBXBuildFile; fileRef = D8CE3C3E220BF3FA00070E85 /* StructsDefinition.swift */; };
		D8CE3C45220C11ED00070E85 /* UserProfileBarItemController.swift in Sources */ = {isa = PBXBuildFile; fileRef = D8CE3C44220C11ED00070E85 /* UserProfileBarItemController.swift */; };
/* End PBXBuildFile section */

/* Begin PBXFileReference section */
		3B321AA12211BF60001188C3 /* DBTest2.xcdatamodel */ = {isa = PBXFileReference; lastKnownFileType = wrapper.xcdatamodel; path = DBTest2.xcdatamodel; sourceTree = "<group>"; };
		3B321AA32211BF98001188C3 /* ACDatabaseController.swift */ = {isa = PBXFileReference; fileEncoding = 4; lastKnownFileType = sourcecode.swift; path = ACDatabaseController.swift; sourceTree = "<group>"; };
		3B321AA52211BFAF001188C3 /* MainTouchBarController.swift */ = {isa = PBXFileReference; fileEncoding = 4; lastKnownFileType = sourcecode.swift; path = MainTouchBarController.swift; sourceTree = "<group>"; };
		3B321AA72211C041001188C3 /* ItemDownloader.swift */ = {isa = PBXFileReference; fileEncoding = 4; lastKnownFileType = sourcecode.swift; path = ItemDownloader.swift; sourceTree = "<group>"; };
		3B7E6EFC2215DD8B00D185FE /* SettingsViewController.swift */ = {isa = PBXFileReference; lastKnownFileType = sourcecode.swift; path = SettingsViewController.swift; sourceTree = "<group>"; };
		3B7E6EFE221739F100D185FE /* AtCoderDataStructs.swift */ = {isa = PBXFileReference; lastKnownFileType = sourcecode.swift; path = AtCoderDataStructs.swift; sourceTree = "<group>"; };
		3B7E6F082219E55B00D185FE /* ContestDetailBarController.swift */ = {isa = PBXFileReference; lastKnownFileType = sourcecode.swift; path = ContestDetailBarController.swift; sourceTree = "<group>"; };
		3B9893C5221485A800570C0F /* SubmissionDetailsBarController.swift */ = {isa = PBXFileReference; lastKnownFileType = sourcecode.swift; path = SubmissionDetailsBarController.swift; sourceTree = "<group>"; };
		3BC28F38221ADEEC007BC3FB /* Assets.xcassets */ = {isa = PBXFileReference; lastKnownFileType = folder.assetcatalog; path = Assets.xcassets; sourceTree = "<group>"; };
		3BC28F58221C4F31007BC3FB /* StartTouchBarController.swift */ = {isa = PBXFileReference; lastKnownFileType = sourcecode.swift; path = StartTouchBarController.swift; sourceTree = "<group>"; };
		3BFB8BCE2209FD85005A3CE5 /* ACTouchBar.app */ = {isa = PBXFileReference; explicitFileType = wrapper.application; includeInIndex = 0; path = ACTouchBar.app; sourceTree = BUILT_PRODUCTS_DIR; };
		3BFB8BD12209FD85005A3CE5 /* AppDelegate.swift */ = {isa = PBXFileReference; lastKnownFileType = sourcecode.swift; path = AppDelegate.swift; sourceTree = "<group>"; };
		3BFB8BDB2209FD86005A3CE5 /* Base */ = {isa = PBXFileReference; lastKnownFileType = file.storyboard; name = Base; path = Base.lproj/Main.storyboard; sourceTree = "<group>"; };
		3BFB8BDD2209FD86005A3CE5 /* Info.plist */ = {isa = PBXFileReference; lastKnownFileType = text.plist.xml; path = Info.plist; sourceTree = "<group>"; };
		3BFB8BDE2209FD86005A3CE5 /* ACTouchBar.entitlements */ = {isa = PBXFileReference; lastKnownFileType = text.plist.entitlements; path = ACTouchBar.entitlements; sourceTree = "<group>"; };
		3BFB8BE82209FE24005A3CE5 /* ACTouchBar-Bridging-Header.h */ = {isa = PBXFileReference; lastKnownFileType = sourcecode.c.h; path = "ACTouchBar-Bridging-Header.h"; sourceTree = "<group>"; };
		3BFB8BE92209FE25005A3CE5 /* TouchBarPrivateApi.h */ = {isa = PBXFileReference; lastKnownFileType = sourcecode.c.h; path = TouchBarPrivateApi.h; sourceTree = "<group>"; };
		3BFB8BEE2209FECE005A3CE5 /* DFRFoundation.framework */ = {isa = PBXFileReference; lastKnownFileType = wrapper.framework; name = DFRFoundation.framework; path = ../../../../../System/Library/PrivateFrameworks/DFRFoundation.framework; sourceTree = "<group>"; };
		3BFB8BF2220C7D1C005A3CE5 /* PageParser.swift */ = {isa = PBXFileReference; lastKnownFileType = sourcecode.swift; path = PageParser.swift; sourceTree = "<group>"; };
		B3F0FD9090FA311D4478D4F6 /* Pods-ACTouchBar.debug.xcconfig */ = {isa = PBXFileReference; includeInIndex = 1; lastKnownFileType = text.xcconfig; name = "Pods-ACTouchBar.debug.xcconfig"; path = "Pods/Target Support Files/Pods-ACTouchBar/Pods-ACTouchBar.debug.xcconfig"; sourceTree = "<group>"; };
		C5BFDB5A7C2090A9D72FB31F /* Pods_ACTouchBar.framework */ = {isa = PBXFileReference; explicitFileType = wrapper.framework; includeInIndex = 0; path = Pods_ACTouchBar.framework; sourceTree = BUILT_PRODUCTS_DIR; };
		CDF9FEB21AB2CCE3D9E35B43 /* Pods-ACTouchBar.release.xcconfig */ = {isa = PBXFileReference; includeInIndex = 1; lastKnownFileType = text.xcconfig; name = "Pods-ACTouchBar.release.xcconfig"; path = "Pods/Target Support Files/Pods-ACTouchBar/Pods-ACTouchBar.release.xcconfig"; sourceTree = "<group>"; };
		D81256BB220A88FF00AE39DA /* PrivateApiHelperFunction.swift */ = {isa = PBXFileReference; lastKnownFileType = sourcecode.swift; path = PrivateApiHelperFunction.swift; sourceTree = "<group>"; };
		D84DB84B2212BA8600AD2624 /* SettingsWindowController.swift */ = {isa = PBXFileReference; lastKnownFileType = sourcecode.swift; path = SettingsWindowController.swift; sourceTree = "<group>"; };
		D856595B2216A12700588F60 /* ContestListBarController.swift */ = {isa = PBXFileReference; lastKnownFileType = sourcecode.swift; path = ContestListBarController.swift; sourceTree = "<group>"; };
		D868D9372213FA20008334C0 /* MemoBarController.swift */ = {isa = PBXFileReference; lastKnownFileType = sourcecode.swift; path = MemoBarController.swift; sourceTree = "<group>"; };
		D8CE3C38220AD11700070E85 /* SubmissionStatusBarItemController.swift */ = {isa = PBXFileReference; lastKnownFileType = sourcecode.swift; path = SubmissionStatusBarItemController.swift; sourceTree = "<group>"; };
		D8CE3C3A220BC25C00070E85 /* BarHelperFunction.swift */ = {isa = PBXFileReference; lastKnownFileType = sourcecode.swift; path = BarHelperFunction.swift; sourceTree = "<group>"; };
		D8CE3C3E220BF3FA00070E85 /* StructsDefinition.swift */ = {isa = PBXFileReference; lastKnownFileType = sourcecode.swift; path = StructsDefinition.swift; sourceTree = "<group>"; };
		D8CE3C44220C11ED00070E85 /* UserProfileBarItemController.swift */ = {isa = PBXFileReference; lastKnownFileType = sourcecode.swift; path = UserProfileBarItemController.swift; sourceTree = "<group>"; };
/* End PBXFileReference section */

/* Begin PBXFrameworksBuildPhase section */
		3BFB8BCB2209FD85005A3CE5 /* Frameworks */ = {
			isa = PBXFrameworksBuildPhase;
			buildActionMask = 2147483647;
			files = (
				3BFB8BEF2209FECE005A3CE5 /* DFRFoundation.framework in Frameworks */,
				2B5A84D60BC69D36D69FC73E /* Pods_ACTouchBar.framework in Frameworks */,
			);
			runOnlyForDeploymentPostprocessing = 0;
		};
/* End PBXFrameworksBuildPhase section */

/* Begin PBXGroup section */
		0E828A2ECC87DC0FF686ED3B /* Pods */ = {
			isa = PBXGroup;
			children = (
				B3F0FD9090FA311D4478D4F6 /* Pods-ACTouchBar.debug.xcconfig */,
				CDF9FEB21AB2CCE3D9E35B43 /* Pods-ACTouchBar.release.xcconfig */,
			);
			name = Pods;
			sourceTree = "<group>";
		};
		3BFB8BC52209FD85005A3CE5 = {
			isa = PBXGroup;
			children = (
				3BFB8BD02209FD85005A3CE5 /* ACTouchBar */,
				3BFB8BCF2209FD85005A3CE5 /* Products */,
				3BFB8BED2209FECE005A3CE5 /* Frameworks */,
				0E828A2ECC87DC0FF686ED3B /* Pods */,
			);
			sourceTree = "<group>";
		};
		3BFB8BCF2209FD85005A3CE5 /* Products */ = {
			isa = PBXGroup;
			children = (
				3BFB8BCE2209FD85005A3CE5 /* ACTouchBar.app */,
			);
			name = Products;
			sourceTree = "<group>";
		};
		3BFB8BD02209FD85005A3CE5 /* ACTouchBar */ = {
			isa = PBXGroup;
			children = (
				3BFB8BD12209FD85005A3CE5 /* AppDelegate.swift */,
				3BC28F58221C4F31007BC3FB /* StartTouchBarController.swift */,
				D84AF5A6221A39C800001762 /* Structs */,
				D85659642216B2FE00588F60 /* Components */,
				D85659612216B22A00588F60 /* Data */,
				D85659632216B2AC00588F60 /* Helper */,
				3BFB8BDA2209FD86005A3CE5 /* Main.storyboard */,
				3BC28F38221ADEEC007BC3FB /* Assets.xcassets */,
				3BFB8BDD2209FD86005A3CE5 /* Info.plist */,
				3BFB8BDE2209FD86005A3CE5 /* ACTouchBar.entitlements */,
			);
			path = ACTouchBar;
			sourceTree = "<group>";
		};
		3BFB8BED2209FECE005A3CE5 /* Frameworks */ = {
			isa = PBXGroup;
			children = (
				3BFB8BEE2209FECE005A3CE5 /* DFRFoundation.framework */,
				C5BFDB5A7C2090A9D72FB31F /* Pods_ACTouchBar.framework */,
			);
			name = Frameworks;
			sourceTree = "<group>";
		};
		D84AF5A6221A39C800001762 /* Structs */ = {
			isa = PBXGroup;
			children = (
				D8CE3C3E220BF3FA00070E85 /* StructsDefinition.swift */,
				3B7E6EFE221739F100D185FE /* AtCoderDataStructs.swift */,
			);
			path = Structs;
			sourceTree = "<group>";
		};
		D856595D2216B19900588F60 /* Setting */ = {
			isa = PBXGroup;
			children = (
				D84DB84B2212BA8600AD2624 /* SettingsWindowController.swift */,
				3B7E6EFC2215DD8B00D185FE /* SettingsViewController.swift */,
			);
			path = Setting;
			sourceTree = "<group>";
		};
		D856595E2216B1BF00588F60 /* Memo */ = {
			isa = PBXGroup;
			children = (
				D868D9372213FA20008334C0 /* MemoBarController.swift */,
			);
			path = Memo;
			sourceTree = "<group>";
		};
		D856595F2216B1DC00588F60 /* Contest */ = {
			isa = PBXGroup;
			children = (
				D856595B2216A12700588F60 /* ContestListBarController.swift */,
				3B7E6F082219E55B00D185FE /* ContestDetailBarController.swift */,
			);
			path = Contest;
			sourceTree = "<group>";
		};
		D85659602216B20F00588F60 /* Profile */ = {
			isa = PBXGroup;
			children = (
				D8CE3C44220C11ED00070E85 /* UserProfileBarItemController.swift */,
				D8CE3C38220AD11700070E85 /* SubmissionStatusBarItemController.swift */,
			);
			path = Profile;
			sourceTree = "<group>";
		};
		D85659612216B22A00588F60 /* Data */ = {
			isa = PBXGroup;
			children = (
				3B321AA32211BF98001188C3 /* ACDatabaseController.swift */,
				3B321AA72211C041001188C3 /* ItemDownloader.swift */,
				3BFB8BF2220C7D1C005A3CE5 /* PageParser.swift */,
				3B321AA02211BF60001188C3 /* ACTouchBar.xcdatamodeld */,
			);
			path = Data;
			sourceTree = "<group>";
		};
		D85659622216B28100588F60 /* Submission */ = {
			isa = PBXGroup;
			children = (
				3B9893C5221485A800570C0F /* SubmissionDetailsBarController.swift */,
			);
			path = Submission;
			sourceTree = "<group>";
		};
		D85659632216B2AC00588F60 /* Helper */ = {
			isa = PBXGroup;
			children = (
				D81256BB220A88FF00AE39DA /* PrivateApiHelperFunction.swift */,
				D8CE3C3A220BC25C00070E85 /* BarHelperFunction.swift */,
				3BFB8BE92209FE25005A3CE5 /* TouchBarPrivateApi.h */,
				3BFB8BE82209FE24005A3CE5 /* ACTouchBar-Bridging-Header.h */,
			);
			path = Helper;
			sourceTree = "<group>";
		};
		D85659642216B2FE00588F60 /* Components */ = {
			isa = PBXGroup;
			children = (
				3B321AA52211BFAF001188C3 /* MainTouchBarController.swift */,
				D856595D2216B19900588F60 /* Setting */,
				D856595E2216B1BF00588F60 /* Memo */,
				D856595F2216B1DC00588F60 /* Contest */,
				D85659602216B20F00588F60 /* Profile */,
				D85659622216B28100588F60 /* Submission */,
			);
			path = Components;
			sourceTree = "<group>";
		};
/* End PBXGroup section */

/* Begin PBXNativeTarget section */
		3BFB8BCD2209FD85005A3CE5 /* ACTouchBar */ = {
			isa = PBXNativeTarget;
			buildConfigurationList = 3BFB8BE12209FD86005A3CE5 /* Build configuration list for PBXNativeTarget "ACTouchBar" */;
			buildPhases = (
				504B6D0AEBC3201D5DCF4F33 /* [CP] Check Pods Manifest.lock */,
				3BFB8BCA2209FD85005A3CE5 /* Sources */,
				3BFB8BCB2209FD85005A3CE5 /* Frameworks */,
				3BFB8BCC2209FD85005A3CE5 /* Resources */,
				FB5A8E10355D13507588FF45 /* [CP] Embed Pods Frameworks */,
			);
			buildRules = (
			);
			dependencies = (
			);
			name = ACTouchBar;
			productName = ACTouchBar;
			productReference = 3BFB8BCE2209FD85005A3CE5 /* ACTouchBar.app */;
			productType = "com.apple.product-type.application";
		};
/* End PBXNativeTarget section */

/* Begin PBXProject section */
		3BFB8BC62209FD85005A3CE5 /* Project object */ = {
			isa = PBXProject;
			attributes = {
				LastSwiftUpdateCheck = 1010;
				LastUpgradeCheck = 1010;
				ORGANIZATIONNAME = "Yuhel Tanaka";
				TargetAttributes = {
					3BFB8BCD2209FD85005A3CE5 = {
						CreatedOnToolsVersion = 10.1;
						LastSwiftMigration = 1010;
						SystemCapabilities = {
							com.apple.ApplicationGroups.Mac = {
								enabled = 0;
							};
							com.apple.HardenedRuntime = {
								enabled = 0;
							};
							com.apple.Sandbox = {
								enabled = 0;
							};
						};
					};
				};
			};
			buildConfigurationList = 3BFB8BC92209FD85005A3CE5 /* Build configuration list for PBXProject "ACTouchBar" */;
			compatibilityVersion = "Xcode 9.3";
			developmentRegion = en;
			hasScannedForEncodings = 0;
			knownRegions = (
				en,
				Base,
			);
			mainGroup = 3BFB8BC52209FD85005A3CE5;
			productRefGroup = 3BFB8BCF2209FD85005A3CE5 /* Products */;
			projectDirPath = "";
			projectRoot = "";
			targets = (
				3BFB8BCD2209FD85005A3CE5 /* ACTouchBar */,
			);
		};
/* End PBXProject section */

/* Begin PBXResourcesBuildPhase section */
		3BFB8BCC2209FD85005A3CE5 /* Resources */ = {
			isa = PBXResourcesBuildPhase;
			buildActionMask = 2147483647;
			files = (
				3BC28F39221ADEEC007BC3FB /* Assets.xcassets in Resources */,
				3BFB8BDC2209FD86005A3CE5 /* Main.storyboard in Resources */,
			);
			runOnlyForDeploymentPostprocessing = 0;
		};
/* End PBXResourcesBuildPhase section */

/* Begin PBXShellScriptBuildPhase section */
		504B6D0AEBC3201D5DCF4F33 /* [CP] Check Pods Manifest.lock */ = {
			isa = PBXShellScriptBuildPhase;
			buildActionMask = 2147483647;
			files = (
			);
			inputFileListPaths = (
			);
			inputPaths = (
				"${PODS_PODFILE_DIR_PATH}/Podfile.lock",
				"${PODS_ROOT}/Manifest.lock",
			);
			name = "[CP] Check Pods Manifest.lock";
			outputFileListPaths = (
			);
			outputPaths = (
				"$(DERIVED_FILE_DIR)/Pods-ACTouchBar-checkManifestLockResult.txt",
			);
			runOnlyForDeploymentPostprocessing = 0;
			shellPath = /bin/sh;
			shellScript = "diff \"${PODS_PODFILE_DIR_PATH}/Podfile.lock\" \"${PODS_ROOT}/Manifest.lock\" > /dev/null\nif [ $? != 0 ] ; then\n    # print error to STDERR\n    echo \"error: The sandbox is not in sync with the Podfile.lock. Run 'pod install' or update your CocoaPods installation.\" >&2\n    exit 1\nfi\n# This output is used by Xcode 'outputs' to avoid re-running this script phase.\necho \"SUCCESS\" > \"${SCRIPT_OUTPUT_FILE_0}\"\n";
			showEnvVarsInLog = 0;
		};
		FB5A8E10355D13507588FF45 /* [CP] Embed Pods Frameworks */ = {
			isa = PBXShellScriptBuildPhase;
			buildActionMask = 2147483647;
			files = (
			);
			inputFileListPaths = (
			);
			inputPaths = (
				"${SRCROOT}/Pods/Target Support Files/Pods-ACTouchBar/Pods-ACTouchBar-frameworks.sh",
				"${BUILT_PRODUCTS_DIR}/Kanna/Kanna.framework",
			);
			name = "[CP] Embed Pods Frameworks";
			outputFileListPaths = (
			);
			outputPaths = (
				"${TARGET_BUILD_DIR}/${FRAMEWORKS_FOLDER_PATH}/Kanna.framework",
			);
			runOnlyForDeploymentPostprocessing = 0;
			shellPath = /bin/sh;
			shellScript = "\"${SRCROOT}/Pods/Target Support Files/Pods-ACTouchBar/Pods-ACTouchBar-frameworks.sh\"\n";
			showEnvVarsInLog = 0;
		};
/* End PBXShellScriptBuildPhase section */

/* Begin PBXSourcesBuildPhase section */
		3BFB8BCA2209FD85005A3CE5 /* Sources */ = {
			isa = PBXSourcesBuildPhase;
			buildActionMask = 2147483647;
			files = (
				D868D9382213FA20008334C0 /* MemoBarController.swift in Sources */,
				3BFB8BEA2209FE25005A3CE5 /* TouchBarPrivateApi.h in Sources */,
				3B321AA42211BF98001188C3 /* ACDatabaseController.swift in Sources */,
				3B7E6EFF221739F100D185FE /* AtCoderDataStructs.swift in Sources */,
				3BFB8BD22209FD85005A3CE5 /* AppDelegate.swift in Sources */,
				3B321AA82211C041001188C3 /* ItemDownloader.swift in Sources */,
				3B7E6F092219E55B00D185FE /* ContestDetailBarController.swift in Sources */,
				D8CE3C45220C11ED00070E85 /* UserProfileBarItemController.swift in Sources */,
				D81256BC220A88FF00AE39DA /* PrivateApiHelperFunction.swift in Sources */,
				3B7E6EFD2215DD8B00D185FE /* SettingsViewController.swift in Sources */,
				3BC28F59221C4F31007BC3FB /* StartTouchBarController.swift in Sources */,
				D8CE3C3F220BF3FA00070E85 /* StructsDefinition.swift in Sources */,
				3B321AA22211BF60001188C3 /* ACTouchBar.xcdatamodeld in Sources */,
				D84DB84C2212BA8600AD2624 /* SettingsWindowController.swift in Sources */,
				D8CE3C3B220BC25C00070E85 /* BarHelperFunction.swift in Sources */,
				3B321AA62211BFAF001188C3 /* MainTouchBarController.swift in Sources */,
				D856595C2216A12700588F60 /* ContestListBarController.swift in Sources */,
				3B9893C6221485A800570C0F /* SubmissionDetailsBarController.swift in Sources */,
				3BFB8BF3220C7D1C005A3CE5 /* PageParser.swift in Sources */,
				D8CE3C39220AD11700070E85 /* SubmissionStatusBarItemController.swift in Sources */,
			);
			runOnlyForDeploymentPostprocessing = 0;
		};
/* End PBXSourcesBuildPhase section */

/* Begin PBXVariantGroup section */
		3BFB8BDA2209FD86005A3CE5 /* Main.storyboard */ = {
			isa = PBXVariantGroup;
			children = (
				3BFB8BDB2209FD86005A3CE5 /* Base */,
			);
			name = Main.storyboard;
			sourceTree = "<group>";
		};
/* End PBXVariantGroup section */

/* Begin XCBuildConfiguration section */
		3BFB8BDF2209FD86005A3CE5 /* Debug */ = {
			isa = XCBuildConfiguration;
			buildSettings = {
				ALWAYS_SEARCH_USER_PATHS = NO;
				CLANG_ANALYZER_NONNULL = YES;
				CLANG_ANALYZER_NUMBER_OBJECT_CONVERSION = YES_AGGRESSIVE;
				CLANG_CXX_LANGUAGE_STANDARD = "gnu++14";
				CLANG_CXX_LIBRARY = "libc++";
				CLANG_ENABLE_MODULES = YES;
				CLANG_ENABLE_OBJC_ARC = YES;
				CLANG_ENABLE_OBJC_WEAK = YES;
				CLANG_WARN_BLOCK_CAPTURE_AUTORELEASING = YES;
				CLANG_WARN_BOOL_CONVERSION = YES;
				CLANG_WARN_COMMA = YES;
				CLANG_WARN_CONSTANT_CONVERSION = YES;
				CLANG_WARN_DEPRECATED_OBJC_IMPLEMENTATIONS = YES;
				CLANG_WARN_DIRECT_OBJC_ISA_USAGE = YES_ERROR;
				CLANG_WARN_DOCUMENTATION_COMMENTS = YES;
				CLANG_WARN_EMPTY_BODY = YES;
				CLANG_WARN_ENUM_CONVERSION = YES;
				CLANG_WARN_INFINITE_RECURSION = YES;
				CLANG_WARN_INT_CONVERSION = YES;
				CLANG_WARN_NON_LITERAL_NULL_CONVERSION = YES;
				CLANG_WARN_OBJC_IMPLICIT_RETAIN_SELF = YES;
				CLANG_WARN_OBJC_LITERAL_CONVERSION = YES;
				CLANG_WARN_OBJC_ROOT_CLASS = YES_ERROR;
				CLANG_WARN_RANGE_LOOP_ANALYSIS = YES;
				CLANG_WARN_STRICT_PROTOTYPES = YES;
				CLANG_WARN_SUSPICIOUS_MOVE = YES;
				CLANG_WARN_UNGUARDED_AVAILABILITY = YES_AGGRESSIVE;
				CLANG_WARN_UNREACHABLE_CODE = YES;
				CLANG_WARN__DUPLICATE_METHOD_MATCH = YES;
				CODE_SIGN_IDENTITY = "Mac Developer";
				COPY_PHASE_STRIP = NO;
				DEBUG_INFORMATION_FORMAT = dwarf;
				ENABLE_STRICT_OBJC_MSGSEND = YES;
				ENABLE_TESTABILITY = YES;
				GCC_C_LANGUAGE_STANDARD = gnu11;
				GCC_DYNAMIC_NO_PIC = NO;
				GCC_NO_COMMON_BLOCKS = YES;
				GCC_OPTIMIZATION_LEVEL = 0;
				GCC_PREPROCESSOR_DEFINITIONS = (
					"DEBUG=1",
					"$(inherited)",
				);
				GCC_WARN_64_TO_32_BIT_CONVERSION = YES;
				GCC_WARN_ABOUT_RETURN_TYPE = YES_ERROR;
				GCC_WARN_UNDECLARED_SELECTOR = YES;
				GCC_WARN_UNINITIALIZED_AUTOS = YES_AGGRESSIVE;
				GCC_WARN_UNUSED_FUNCTION = YES;
				GCC_WARN_UNUSED_VARIABLE = YES;
				MACOSX_DEPLOYMENT_TARGET = 10.13;
				MTL_ENABLE_DEBUG_INFO = INCLUDE_SOURCE;
				MTL_FAST_MATH = YES;
				ONLY_ACTIVE_ARCH = YES;
				SDKROOT = macosx;
				SWIFT_ACTIVE_COMPILATION_CONDITIONS = DEBUG;
				SWIFT_OPTIMIZATION_LEVEL = "-Onone";
			};
			name = Debug;
		};
		3BFB8BE02209FD86005A3CE5 /* Release */ = {
			isa = XCBuildConfiguration;
			buildSettings = {
				ALWAYS_SEARCH_USER_PATHS = NO;
				CLANG_ANALYZER_NONNULL = YES;
				CLANG_ANALYZER_NUMBER_OBJECT_CONVERSION = YES_AGGRESSIVE;
				CLANG_CXX_LANGUAGE_STANDARD = "gnu++14";
				CLANG_CXX_LIBRARY = "libc++";
				CLANG_ENABLE_MODULES = YES;
				CLANG_ENABLE_OBJC_ARC = YES;
				CLANG_ENABLE_OBJC_WEAK = YES;
				CLANG_WARN_BLOCK_CAPTURE_AUTORELEASING = YES;
				CLANG_WARN_BOOL_CONVERSION = YES;
				CLANG_WARN_COMMA = YES;
				CLANG_WARN_CONSTANT_CONVERSION = YES;
				CLANG_WARN_DEPRECATED_OBJC_IMPLEMENTATIONS = YES;
				CLANG_WARN_DIRECT_OBJC_ISA_USAGE = YES_ERROR;
				CLANG_WARN_DOCUMENTATION_COMMENTS = YES;
				CLANG_WARN_EMPTY_BODY = YES;
				CLANG_WARN_ENUM_CONVERSION = YES;
				CLANG_WARN_INFINITE_RECURSION = YES;
				CLANG_WARN_INT_CONVERSION = YES;
				CLANG_WARN_NON_LITERAL_NULL_CONVERSION = YES;
				CLANG_WARN_OBJC_IMPLICIT_RETAIN_SELF = YES;
				CLANG_WARN_OBJC_LITERAL_CONVERSION = YES;
				CLANG_WARN_OBJC_ROOT_CLASS = YES_ERROR;
				CLANG_WARN_RANGE_LOOP_ANALYSIS = YES;
				CLANG_WARN_STRICT_PROTOTYPES = YES;
				CLANG_WARN_SUSPICIOUS_MOVE = YES;
				CLANG_WARN_UNGUARDED_AVAILABILITY = YES_AGGRESSIVE;
				CLANG_WARN_UNREACHABLE_CODE = YES;
				CLANG_WARN__DUPLICATE_METHOD_MATCH = YES;
				CODE_SIGN_IDENTITY = "Mac Developer";
				COPY_PHASE_STRIP = NO;
				DEBUG_INFORMATION_FORMAT = "dwarf-with-dsym";
				ENABLE_NS_ASSERTIONS = NO;
				ENABLE_STRICT_OBJC_MSGSEND = YES;
				GCC_C_LANGUAGE_STANDARD = gnu11;
				GCC_NO_COMMON_BLOCKS = YES;
				GCC_WARN_64_TO_32_BIT_CONVERSION = YES;
				GCC_WARN_ABOUT_RETURN_TYPE = YES_ERROR;
				GCC_WARN_UNDECLARED_SELECTOR = YES;
				GCC_WARN_UNINITIALIZED_AUTOS = YES_AGGRESSIVE;
				GCC_WARN_UNUSED_FUNCTION = YES;
				GCC_WARN_UNUSED_VARIABLE = YES;
				MACOSX_DEPLOYMENT_TARGET = 10.13;
				MTL_ENABLE_DEBUG_INFO = NO;
				MTL_FAST_MATH = YES;
				SDKROOT = macosx;
				SWIFT_COMPILATION_MODE = wholemodule;
				SWIFT_OPTIMIZATION_LEVEL = "-O";
			};
			name = Release;
		};
		3BFB8BE22209FD86005A3CE5 /* Debug */ = {
			isa = XCBuildConfiguration;
			baseConfigurationReference = B3F0FD9090FA311D4478D4F6 /* Pods-ACTouchBar.debug.xcconfig */;
			buildSettings = {
				ASSETCATALOG_COMPILER_APPICON_NAME = AppIcon;
				CLANG_ENABLE_MODULES = YES;
				CODE_SIGN_ENTITLEMENTS = ACTouchBar/ACTouchBar.entitlements;
				CODE_SIGN_IDENTITY = "Mac Developer";
				CODE_SIGN_STYLE = Automatic;
				COMBINE_HIDPI_IMAGES = YES;
				DEVELOPMENT_TEAM = QHW2DL5SSN;
				INFOPLIST_FILE = ACTouchBar/Info.plist;
				LD_RUNPATH_SEARCH_PATHS = (
					"$(inherited)",
					"@executable_path/../Frameworks",
				);
				MACOSX_DEPLOYMENT_TARGET = 10.13;
				PRODUCT_BUNDLE_IDENTIFIER = kuwa.ACTouchBar;
				PRODUCT_NAME = "$(TARGET_NAME)";
				PROVISIONING_PROFILE_SPECIFIER = "";
				SWIFT_OBJC_BRIDGING_HEADER = "ACTouchBar/Helper/ACTouchBar-Bridging-Header.h";
				SWIFT_OPTIMIZATION_LEVEL = "-Onone";
				SWIFT_VERSION = 4.2;
				SYSTEM_FRAMEWORK_SEARCH_PATHS = (
					"$(inherited)",
					"$(SYSTEM_LIBRARY_DIR)/PrivateFrameworks",
				);
			};
			name = Debug;
		};
		3BFB8BE32209FD86005A3CE5 /* Release */ = {
			isa = XCBuildConfiguration;
			baseConfigurationReference = CDF9FEB21AB2CCE3D9E35B43 /* Pods-ACTouchBar.release.xcconfig */;
			buildSettings = {
				ASSETCATALOG_COMPILER_APPICON_NAME = AppIcon;
				CLANG_ENABLE_MODULES = YES;
				CODE_SIGN_ENTITLEMENTS = ACTouchBar/ACTouchBar.entitlements;
				CODE_SIGN_IDENTITY = "Mac Developer";
				CODE_SIGN_STYLE = Automatic;
				COMBINE_HIDPI_IMAGES = YES;
				DEVELOPMENT_TEAM = QHW2DL5SSN;
				INFOPLIST_FILE = ACTouchBar/Info.plist;
				LD_RUNPATH_SEARCH_PATHS = (
					"$(inherited)",
					"@executable_path/../Frameworks",
				);
				MACOSX_DEPLOYMENT_TARGET = 10.13;
				PRODUCT_BUNDLE_IDENTIFIER = kuwa.ACTouchBar;
				PRODUCT_NAME = "$(TARGET_NAME)";
				PROVISIONING_PROFILE_SPECIFIER = "";
				SWIFT_OBJC_BRIDGING_HEADER = "ACTouchBar/Helper/ACTouchBar-Bridging-Header.h";
				SWIFT_VERSION = 4.2;
				SYSTEM_FRAMEWORK_SEARCH_PATHS = (
					"$(inherited)",
					"$(SYSTEM_LIBRARY_DIR)/PrivateFrameworks",
				);
			};
			name = Release;
		};
/* End XCBuildConfiguration section */

/* Begin XCConfigurationList section */
		3BFB8BC92209FD85005A3CE5 /* Build configuration list for PBXProject "ACTouchBar" */ = {
			isa = XCConfigurationList;
			buildConfigurations = (
				3BFB8BDF2209FD86005A3CE5 /* Debug */,
				3BFB8BE02209FD86005A3CE5 /* Release */,
			);
			defaultConfigurationIsVisible = 0;
			defaultConfigurationName = Release;
		};
		3BFB8BE12209FD86005A3CE5 /* Build configuration list for PBXNativeTarget "ACTouchBar" */ = {
			isa = XCConfigurationList;
			buildConfigurations = (
				3BFB8BE22209FD86005A3CE5 /* Debug */,
				3BFB8BE32209FD86005A3CE5 /* Release */,
			);
			defaultConfigurationIsVisible = 0;
			defaultConfigurationName = Release;
		};
/* End XCConfigurationList section */

/* Begin XCVersionGroup section */
		3B321AA02211BF60001188C3 /* ACTouchBar.xcdatamodeld */ = {
			isa = XCVersionGroup;
			children = (
				3B321AA12211BF60001188C3 /* DBTest2.xcdatamodel */,
			);
			currentVersion = 3B321AA12211BF60001188C3 /* DBTest2.xcdatamodel */;
			path = ACTouchBar.xcdatamodeld;
			sourceTree = "<group>";
			versionGroupType = wrapper.xcdatamodel;
		};
/* End XCVersionGroup section */
	};
	rootObject = 3BFB8BC62209FD85005A3CE5 /* Project object */;
}
